
Microsoft Visual Studio Solution File, Format Version 12.00
# Visual Studio Version 16
VisualStudioVersion = 16.0.29709.97
MinimumVisualStudioVersion = 10.0.40219.1
Project("{FAE04EC0-301F-11D3-BF4B-00C04F79EFBC}") = "teledoc-test", "teledoc-test\teledoc-test.csproj", "{44C02888-701B-471F-8026-B46C2643BC29}"
EndProject
Global
	GlobalSection(SolutionConfigurationPlatforms) = preSolution
		Debug|Any CPU = Debug|Any CPU
		Release|Any CPU = Release|Any CPU
	EndGlobalSection
	GlobalSection(ProjectConfigurationPlatforms) = postSolution
		{44C02888-701B-471F-8026-B46C2643BC29}.Debug|Any CPU.ActiveCfg = Debug|Any CPU
		{44C02888-701B-471F-8026-B46C2643BC29}.Debug|Any CPU.Build.0 = Debug|Any CPU
		{44C02888-701B-471F-8026-B46C2643BC29}.Release|Any CPU.ActiveCfg = Release|Any CPU
		{44C02888-701B-471F-8026-B46C2643BC29}.Release|Any CPU.Build.0 = Release|Any CPU
	EndGlobalSection
	GlobalSection(SolutionProperties) = preSolution
		HideSolutionNode = FALSE
	EndGlobalSection
	GlobalSection(ExtensibilityGlobals) = postSolution
		SolutionGuid = {8F20E483-4E3A-491E-8414-5B9789CDC2B8}
	EndGlobalSection
EndGlobal
